
Microsoft Visual Studio Solution File, Format Version 12.00
# Visual Studio Version 17
VisualStudioVersion = 17.0.31611.283
MinimumVisualStudioVersion = 10.0.40219.1
Project("{9A19103F-16F7-4668-BE54-9A1E7A4F7556}") = "MAUICommunicateWithRest", "MAUICommunicateWithRest\MAUICommunicateWithRest.csproj", "{2E23B589-0C15-4423-8259-E33CDCD298F4}"
EndProject
Project("{9A19103F-16F7-4668-BE54-9A1E7A4F7556}") = "TodoAPI", "TodoREST\TodoAPI.csproj", "{4D184CCC-9CA3-4C82-A191-7CEDC71CAC60}"
EndProject
Global
	GlobalSection(SolutionConfigurationPlatforms) = preSolution
		Debug|Any CPU = Debug|Any CPU
		Release|Any CPU = Release|Any CPU
	EndGlobalSection
	GlobalSection(ProjectConfigurationPlatforms) = postSolution
		{2E23B589-0C15-4423-8259-E33CDCD298F4}.Debug|Any CPU.ActiveCfg = Debug|Any CPU
		{2E23B589-0C15-4423-8259-E33CDCD298F4}.Debug|Any CPU.Build.0 = Debug|Any CPU
		{2E23B589-0C15-4423-8259-E33CDCD298F4}.Debug|Any CPU.Deploy.0 = Debug|Any CPU
		{2E23B589-0C15-4423-8259-E33CDCD298F4}.Release|Any CPU.ActiveCfg = Release|Any CPU
		{2E23B589-0C15-4423-8259-E33CDCD298F4}.Release|Any CPU.Build.0 = Release|Any CPU
		{2E23B589-0C15-4423-8259-E33CDCD298F4}.Release|Any CPU.Deploy.0 = Release|Any CPU
		{4D184CCC-9CA3-4C82-A191-7CEDC71CAC60}.Debug|Any CPU.ActiveCfg = Debug|Any CPU
		{4D184CCC-9CA3-4C82-A191-7CEDC71CAC60}.Debug|Any CPU.Build.0 = Debug|Any CPU
		{4D184CCC-9CA3-4C82-A191-7CEDC71CAC60}.Release|Any CPU.ActiveCfg = Release|Any CPU
		{4D184CCC-9CA3-4C82-A191-7CEDC71CAC60}.Release|Any CPU.Build.0 = Release|Any CPU
	EndGlobalSection
	GlobalSection(SolutionProperties) = preSolution
		HideSolutionNode = FALSE
	EndGlobalSection
	GlobalSection(ExtensibilityGlobals) = postSolution
		SolutionGuid = {61F7FB11-1E47-470C-91E2-47F8143E1572}
	EndGlobalSection
EndGlobal
